
Microsoft Visual Studio Solution File, Format Version 12.00
# Visual Studio 15
VisualStudioVersion = 15.0.26124.0
MinimumVisualStudioVersion = 15.0.26124.0
Project("{F2A71F9B-5D33-465A-A702-920D77279786}") = "ahghee", "core\ahghee.fsproj", "{288181D8-6F02-4D85-AFB8-6F3D48FDEFF4}"
EndProject
Project("{F2A71F9B-5D33-465A-A702-920D77279786}") = "core.tests", "core.tests\core.tests.fsproj", "{C956CB21-08E4-4B0F-AA97-A2FDBF5D374A}"
EndProject
Project("{FAE04EC0-301F-11D3-BF4B-00C04F79EFBC}") = "ahghee.grpc", "ahghee.grpc\ahghee.grpc.csproj", "{D3C7171E-EF87-4F7D-BC7E-CAC5073E7EB0}"
EndProject
				Project("{F2A71F9B-5D33-465A-A702-920D77279786}") = "report", "report\report.fsproj", "{4A25B0DE-DCB7-4010-B36F-DA92352FAFF0}"
				EndProject
				Project("{FAE04EC0-301F-11D3-BF4B-00C04F79EFBC}") = "benchmark", "benchmark\benchmark.csproj", "{06CF4BB6-C74D-4FFF-A7F1-AAED8154CFCE}"
				EndProject
				Project("{FAE04EC0-301F-11D3-BF4B-00C04F79EFBC}") = "cli", "cli\cli.csproj", "{ABC01D6D-3358-4881-860D-5DAEF989A620}"
				EndProject
				Project("{FAE04EC0-301F-11D3-BF4B-00C04F79EFBC}") = "cli-grammer", "cli-grammer\cli-grammer.csproj", "{F3D48AB4-AE71-4DD9-B001-5A00F59A151F}"
				EndProject
Global
	GlobalSection(SolutionConfigurationPlatforms) = preSolution
		Debug|Any CPU = Debug|Any CPU
		Debug|x64 = Debug|x64
		Debug|x86 = Debug|x86
		Release|Any CPU = Release|Any CPU
		Release|x64 = Release|x64
		Release|x86 = Release|x86
	EndGlobalSection
	GlobalSection(SolutionProperties) = preSolution
		HideSolutionNode = FALSE
	EndGlobalSection
	GlobalSection(ProjectConfigurationPlatforms) = postSolution
		{288181D8-6F02-4D85-AFB8-6F3D48FDEFF4}.Debug|Any CPU.ActiveCfg = Debug|Any CPU
		{288181D8-6F02-4D85-AFB8-6F3D48FDEFF4}.Debug|Any CPU.Build.0 = Debug|Any CPU
		{288181D8-6F02-4D85-AFB8-6F3D48FDEFF4}.Debug|x64.ActiveCfg = Debug|x64
		{288181D8-6F02-4D85-AFB8-6F3D48FDEFF4}.Debug|x64.Build.0 = Debug|x64
		{288181D8-6F02-4D85-AFB8-6F3D48FDEFF4}.Debug|x86.ActiveCfg = Debug|x86
		{288181D8-6F02-4D85-AFB8-6F3D48FDEFF4}.Debug|x86.Build.0 = Debug|x86
		{288181D8-6F02-4D85-AFB8-6F3D48FDEFF4}.Release|Any CPU.ActiveCfg = Release|Any CPU
		{288181D8-6F02-4D85-AFB8-6F3D48FDEFF4}.Release|Any CPU.Build.0 = Release|Any CPU
		{288181D8-6F02-4D85-AFB8-6F3D48FDEFF4}.Release|x64.ActiveCfg = Release|x64
		{288181D8-6F02-4D85-AFB8-6F3D48FDEFF4}.Release|x64.Build.0 = Release|x64
		{288181D8-6F02-4D85-AFB8-6F3D48FDEFF4}.Release|x86.ActiveCfg = Release|x86
		{288181D8-6F02-4D85-AFB8-6F3D48FDEFF4}.Release|x86.Build.0 = Release|x86
		{C956CB21-08E4-4B0F-AA97-A2FDBF5D374A}.Debug|Any CPU.ActiveCfg = Debug|Any CPU
		{C956CB21-08E4-4B0F-AA97-A2FDBF5D374A}.Debug|Any CPU.Build.0 = Debug|Any CPU
		{C956CB21-08E4-4B0F-AA97-A2FDBF5D374A}.Debug|x64.ActiveCfg = Debug|x64
		{C956CB21-08E4-4B0F-AA97-A2FDBF5D374A}.Debug|x64.Build.0 = Debug|x64
		{C956CB21-08E4-4B0F-AA97-A2FDBF5D374A}.Debug|x86.ActiveCfg = Debug|x86
		{C956CB21-08E4-4B0F-AA97-A2FDBF5D374A}.Debug|x86.Build.0 = Debug|x86
		{C956CB21-08E4-4B0F-AA97-A2FDBF5D374A}.Release|Any CPU.ActiveCfg = Release|Any CPU
		{C956CB21-08E4-4B0F-AA97-A2FDBF5D374A}.Release|Any CPU.Build.0 = Release|Any CPU
		{C956CB21-08E4-4B0F-AA97-A2FDBF5D374A}.Release|x64.ActiveCfg = Release|x64
		{C956CB21-08E4-4B0F-AA97-A2FDBF5D374A}.Release|x64.Build.0 = Release|x64
		{C956CB21-08E4-4B0F-AA97-A2FDBF5D374A}.Release|x86.ActiveCfg = Release|x86
		{C956CB21-08E4-4B0F-AA97-A2FDBF5D374A}.Release|x86.Build.0 = Release|x86
		{D3C7171E-EF87-4F7D-BC7E-CAC5073E7EB0}.Debug|Any CPU.ActiveCfg = Debug|Any CPU
		{D3C7171E-EF87-4F7D-BC7E-CAC5073E7EB0}.Debug|Any CPU.Build.0 = Debug|Any CPU
		{D3C7171E-EF87-4F7D-BC7E-CAC5073E7EB0}.Debug|x64.ActiveCfg = Debug|Any CPU
		{D3C7171E-EF87-4F7D-BC7E-CAC5073E7EB0}.Debug|x64.Build.0 = Debug|Any CPU
		{D3C7171E-EF87-4F7D-BC7E-CAC5073E7EB0}.Debug|x86.ActiveCfg = Debug|Any CPU
		{D3C7171E-EF87-4F7D-BC7E-CAC5073E7EB0}.Debug|x86.Build.0 = Debug|Any CPU
		{D3C7171E-EF87-4F7D-BC7E-CAC5073E7EB0}.Release|Any CPU.ActiveCfg = Release|Any CPU
		{D3C7171E-EF87-4F7D-BC7E-CAC5073E7EB0}.Release|Any CPU.Build.0 = Release|Any CPU
		{D3C7171E-EF87-4F7D-BC7E-CAC5073E7EB0}.Release|x64.ActiveCfg = Release|Any CPU
		{D3C7171E-EF87-4F7D-BC7E-CAC5073E7EB0}.Release|x64.Build.0 = Release|Any CPU
		{D3C7171E-EF87-4F7D-BC7E-CAC5073E7EB0}.Release|x86.ActiveCfg = Release|Any CPU
		{D3C7171E-EF87-4F7D-BC7E-CAC5073E7EB0}.Release|x86.Build.0 = Release|Any CPU
		{4A25B0DE-DCB7-4010-B36F-DA92352FAFF0}.Debug|Any CPU.ActiveCfg = Debug|Any CPU
		{4A25B0DE-DCB7-4010-B36F-DA92352FAFF0}.Debug|Any CPU.Build.0 = Debug|Any CPU
		{4A25B0DE-DCB7-4010-B36F-DA92352FAFF0}.Debug|x64.ActiveCfg = Debug|Any CPU
		{4A25B0DE-DCB7-4010-B36F-DA92352FAFF0}.Debug|x64.Build.0 = Debug|Any CPU
		{4A25B0DE-DCB7-4010-B36F-DA92352FAFF0}.Debug|x86.ActiveCfg = Debug|Any CPU
		{4A25B0DE-DCB7-4010-B36F-DA92352FAFF0}.Debug|x86.Build.0 = Debug|Any CPU
		{4A25B0DE-DCB7-4010-B36F-DA92352FAFF0}.Release|Any CPU.ActiveCfg = Release|Any CPU
		{4A25B0DE-DCB7-4010-B36F-DA92352FAFF0}.Release|Any CPU.Build.0 = Release|Any CPU
		{4A25B0DE-DCB7-4010-B36F-DA92352FAFF0}.Release|x64.ActiveCfg = Release|Any CPU
		{4A25B0DE-DCB7-4010-B36F-DA92352FAFF0}.Release|x64.Build.0 = Release|Any CPU
		{4A25B0DE-DCB7-4010-B36F-DA92352FAFF0}.Release|x86.ActiveCfg = Release|Any CPU
		{4A25B0DE-DCB7-4010-B36F-DA92352FAFF0}.Release|x86.Build.0 = Release|Any CPU
		{06CF4BB6-C74D-4FFF-A7F1-AAED8154CFCE}.Debug|Any CPU.ActiveCfg = Debug|Any CPU
		{06CF4BB6-C74D-4FFF-A7F1-AAED8154CFCE}.Debug|Any CPU.Build.0 = Debug|Any CPU
		{06CF4BB6-C74D-4FFF-A7F1-AAED8154CFCE}.Debug|x64.ActiveCfg = Debug|Any CPU
		{06CF4BB6-C74D-4FFF-A7F1-AAED8154CFCE}.Debug|x64.Build.0 = Debug|Any CPU
		{06CF4BB6-C74D-4FFF-A7F1-AAED8154CFCE}.Debug|x86.ActiveCfg = Debug|Any CPU
		{06CF4BB6-C74D-4FFF-A7F1-AAED8154CFCE}.Debug|x86.Build.0 = Debug|Any CPU
		{06CF4BB6-C74D-4FFF-A7F1-AAED8154CFCE}.Release|Any CPU.ActiveCfg = Release|Any CPU
		{06CF4BB6-C74D-4FFF-A7F1-AAED8154CFCE}.Release|Any CPU.Build.0 = Release|Any CPU
		{06CF4BB6-C74D-4FFF-A7F1-AAED8154CFCE}.Release|x64.ActiveCfg = Release|Any CPU
		{06CF4BB6-C74D-4FFF-A7F1-AAED8154CFCE}.Release|x64.Build.0 = Release|Any CPU
		{06CF4BB6-C74D-4FFF-A7F1-AAED8154CFCE}.Release|x86.ActiveCfg = Release|Any CPU
		{06CF4BB6-C74D-4FFF-A7F1-AAED8154CFCE}.Release|x86.Build.0 = Release|Any CPU
		{ABC01D6D-3358-4881-860D-5DAEF989A620}.Debug|Any CPU.ActiveCfg = Debug|Any CPU
		{ABC01D6D-3358-4881-860D-5DAEF989A620}.Debug|Any CPU.Build.0 = Debug|Any CPU
		{ABC01D6D-3358-4881-860D-5DAEF989A620}.Debug|x64.ActiveCfg = Debug|Any CPU
		{ABC01D6D-3358-4881-860D-5DAEF989A620}.Debug|x64.Build.0 = Debug|Any CPU
		{ABC01D6D-3358-4881-860D-5DAEF989A620}.Debug|x86.ActiveCfg = Debug|Any CPU
		{ABC01D6D-3358-4881-860D-5DAEF989A620}.Debug|x86.Build.0 = Debug|Any CPU
		{ABC01D6D-3358-4881-860D-5DAEF989A620}.Release|Any CPU.ActiveCfg = Release|Any CPU
		{ABC01D6D-3358-4881-860D-5DAEF989A620}.Release|Any CPU.Build.0 = Release|Any CPU
		{ABC01D6D-3358-4881-860D-5DAEF989A620}.Release|x64.ActiveCfg = Release|Any CPU
		{ABC01D6D-3358-4881-860D-5DAEF989A620}.Release|x64.Build.0 = Release|Any CPU
		{ABC01D6D-3358-4881-860D-5DAEF989A620}.Release|x86.ActiveCfg = Release|Any CPU
		{ABC01D6D-3358-4881-860D-5DAEF989A620}.Release|x86.Build.0 = Release|Any CPU
		{F3D48AB4-AE71-4DD9-B001-5A00F59A151F}.Debug|Any CPU.ActiveCfg = Debug|Any CPU
		{F3D48AB4-AE71-4DD9-B001-5A00F59A151F}.Debug|Any CPU.Build.0 = Debug|Any CPU
		{F3D48AB4-AE71-4DD9-B001-5A00F59A151F}.Debug|x64.ActiveCfg = Debug|Any CPU
		{F3D48AB4-AE71-4DD9-B001-5A00F59A151F}.Debug|x64.Build.0 = Debug|Any CPU
		{F3D48AB4-AE71-4DD9-B001-5A00F59A151F}.Debug|x86.ActiveCfg = Debug|Any CPU
		{F3D48AB4-AE71-4DD9-B001-5A00F59A151F}.Debug|x86.Build.0 = Debug|Any CPU
		{F3D48AB4-AE71-4DD9-B001-5A00F59A151F}.Release|Any CPU.ActiveCfg = Release|Any CPU
		{F3D48AB4-AE71-4DD9-B001-5A00F59A151F}.Release|Any CPU.Build.0 = Release|Any CPU
		{F3D48AB4-AE71-4DD9-B001-5A00F59A151F}.Release|x64.ActiveCfg = Release|Any CPU
		{F3D48AB4-AE71-4DD9-B001-5A00F59A151F}.Release|x64.Build.0 = Release|Any CPU
		{F3D48AB4-AE71-4DD9-B001-5A00F59A151F}.Release|x86.ActiveCfg = Release|Any CPU
		{F3D48AB4-AE71-4DD9-B001-5A00F59A151F}.Release|x86.Build.0 = Release|Any CPU
	EndGlobalSection
EndGlobal
