
Microsoft Visual Studio Solution File, Format Version 12.00
# Visual Studio Version 16
VisualStudioVersion = 16.0.30611.23
MinimumVisualStudioVersion = 15.0.26124.0
Project("{6EC3EE1D-3C4E-46DD-8F32-0CC8E7565705}") = "ahghee", "core\ahghee.fsproj", "{288181D8-6F02-4D85-AFB8-6F3D48FDEFF4}"
EndProject
Project("{6EC3EE1D-3C4E-46DD-8F32-0CC8E7565705}") = "core.tests", "core.tests\core.tests.fsproj", "{C956CB21-08E4-4B0F-AA97-A2FDBF5D374A}"
EndProject
Project("{9A19103F-16F7-4668-BE54-9A1E7A4F7556}") = "ahghee.grpc", "ahghee.grpc\ahghee.grpc.csproj", "{D3C7171E-EF87-4F7D-BC7E-CAC5073E7EB0}"
EndProject
Project("{9A19103F-16F7-4668-BE54-9A1E7A4F7556}") = "parser", "parser\parser.csproj", "{49C912CC-BF77-4AD5-9643-890062DE7775}"
EndProject
Project("{9A19103F-16F7-4668-BE54-9A1E7A4F7556}") = "parser_grammer", "parser_grammer\parser_grammer.csproj", "{578B23D7-7B76-4DE1-B0B4-9102D901D6B1}"
EndProject
Project("{9A19103F-16F7-4668-BE54-9A1E7A4F7556}") = "serverlib", "serverlib\serverlib.csproj", "{A2895F0E-094C-436D-9E81-B84A70A11B5D}"
EndProject
Project("{FAE04EC0-301F-11D3-BF4B-00C04F79EFBC}") = "server", "server\server.csproj", "{AE126769-E107-4E24-8A1C-2157B4CCF828}"
EndProject
Global
	GlobalSection(SolutionConfigurationPlatforms) = preSolution
		Debug|x64 = Debug|x64
		Release|x64 = Release|x64
	EndGlobalSection
	GlobalSection(ProjectConfigurationPlatforms) = postSolution
		{288181D8-6F02-4D85-AFB8-6F3D48FDEFF4}.Debug|x64.ActiveCfg = Debug|x64
		{288181D8-6F02-4D85-AFB8-6F3D48FDEFF4}.Debug|x64.Build.0 = Debug|x64
		{288181D8-6F02-4D85-AFB8-6F3D48FDEFF4}.Release|x64.ActiveCfg = Release|x64
		{288181D8-6F02-4D85-AFB8-6F3D48FDEFF4}.Release|x64.Build.0 = Release|x64
		{C956CB21-08E4-4B0F-AA97-A2FDBF5D374A}.Debug|x64.ActiveCfg = Debug|x64
		{C956CB21-08E4-4B0F-AA97-A2FDBF5D374A}.Debug|x64.Build.0 = Debug|x64
		{C956CB21-08E4-4B0F-AA97-A2FDBF5D374A}.Release|x64.ActiveCfg = Release|x64
		{C956CB21-08E4-4B0F-AA97-A2FDBF5D374A}.Release|x64.Build.0 = Release|x64
		{D3C7171E-EF87-4F7D-BC7E-CAC5073E7EB0}.Debug|x64.ActiveCfg = Debug|x64
		{D3C7171E-EF87-4F7D-BC7E-CAC5073E7EB0}.Debug|x64.Build.0 = Debug|x64
		{D3C7171E-EF87-4F7D-BC7E-CAC5073E7EB0}.Release|x64.ActiveCfg = Release|x64
		{D3C7171E-EF87-4F7D-BC7E-CAC5073E7EB0}.Release|x64.Build.0 = Release|x64
		{49C912CC-BF77-4AD5-9643-890062DE7775}.Debug|x64.ActiveCfg = Debug|x64
		{49C912CC-BF77-4AD5-9643-890062DE7775}.Debug|x64.Build.0 = Debug|x64
		{49C912CC-BF77-4AD5-9643-890062DE7775}.Release|x64.ActiveCfg = Release|x64
		{49C912CC-BF77-4AD5-9643-890062DE7775}.Release|x64.Build.0 = Release|x64
		{578B23D7-7B76-4DE1-B0B4-9102D901D6B1}.Debug|x64.ActiveCfg = Debug|x64
		{578B23D7-7B76-4DE1-B0B4-9102D901D6B1}.Debug|x64.Build.0 = Debug|x64
		{578B23D7-7B76-4DE1-B0B4-9102D901D6B1}.Release|x64.ActiveCfg = Release|x64
		{578B23D7-7B76-4DE1-B0B4-9102D901D6B1}.Release|x64.Build.0 = Release|x64
		{A2895F0E-094C-436D-9E81-B84A70A11B5D}.Debug|x64.ActiveCfg = Debug|x64
		{A2895F0E-094C-436D-9E81-B84A70A11B5D}.Debug|x64.Build.0 = Debug|x64
		{A2895F0E-094C-436D-9E81-B84A70A11B5D}.Release|x64.ActiveCfg = Release|x64
		{A2895F0E-094C-436D-9E81-B84A70A11B5D}.Release|x64.Build.0 = Release|x64
		{AE126769-E107-4E24-8A1C-2157B4CCF828}.Debug|x64.ActiveCfg = Debug|x64
		{AE126769-E107-4E24-8A1C-2157B4CCF828}.Debug|x64.Build.0 = Debug|x64
		{AE126769-E107-4E24-8A1C-2157B4CCF828}.Release|x64.ActiveCfg = Release|x64
		{AE126769-E107-4E24-8A1C-2157B4CCF828}.Release|x64.Build.0 = Release|x64
	EndGlobalSection
	GlobalSection(SolutionProperties) = preSolution
		HideSolutionNode = FALSE
	EndGlobalSection
	GlobalSection(ExtensibilityGlobals) = postSolution
		SolutionGuid = {CD5F32B1-0F15-4144-B49B-99E5040EF2FA}
	EndGlobalSection
EndGlobal
